
Microsoft Visual Studio Solution File, Format Version 12.00
# Visual Studio Version 17
VisualStudioVersion = 17.5.33414.496
MinimumVisualStudioVersion = 10.0.40219.1
Project("{FAE04EC0-301F-11D3-BF4B-00C04F79EFBC}") = "TPmodul6_1302210049", "TPmodul6_1302210049\TPmodul6_1302210049.csproj", "{29E0FA6A-C627-4255-BE46-3FDD048FA3CF}"
EndProject
Global
	GlobalSection(SolutionConfigurationPlatforms) = preSolution
		Debug|Any CPU = Debug|Any CPU
		Release|Any CPU = Release|Any CPU
	EndGlobalSection
	GlobalSection(ProjectConfigurationPlatforms) = postSolution
		{29E0FA6A-C627-4255-BE46-3FDD048FA3CF}.Debug|Any CPU.ActiveCfg = Debug|Any CPU
		{29E0FA6A-C627-4255-BE46-3FDD048FA3CF}.Debug|Any CPU.Build.0 = Debug|Any CPU
		{29E0FA6A-C627-4255-BE46-3FDD048FA3CF}.Release|Any CPU.ActiveCfg = Release|Any CPU
		{29E0FA6A-C627-4255-BE46-3FDD048FA3CF}.Release|Any CPU.Build.0 = Release|Any CPU
	EndGlobalSection
	GlobalSection(SolutionProperties) = preSolution
		HideSolutionNode = FALSE
	EndGlobalSection
	GlobalSection(ExtensibilityGlobals) = postSolution
		SolutionGuid = {B9858D22-8B37-429E-8CA9-D084FCFDC38C}
	EndGlobalSection
EndGlobal
